
Microsoft Visual Studio Solution File, Format Version 12.00
# Visual Studio Version 17
VisualStudioVersion = 17.11.35312.102
MinimumVisualStudioVersion = 10.0.40219.1
Project("{9A19103F-16F7-4668-BE54-9A1E7A4F7556}") = "HomeTask14", "HomeTask14.csproj", "{1FB686E9-B002-4CA2-97E9-57C8020155DD}"
EndProject
Project("{FAE04EC0-301F-11D3-BF4B-00C04F79EFBC}") = "HeleperLibrary", "..\HeleperLibrary\HeleperLibrary.csproj", "{18BA9E1A-F02A-4807-91C9-F0BF92C61104}"
EndProject
Global
	GlobalSection(SolutionConfigurationPlatforms) = preSolution
		Debug|Any CPU = Debug|Any CPU
		Release|Any CPU = Release|Any CPU
	EndGlobalSection
	GlobalSection(ProjectConfigurationPlatforms) = postSolution
		{1FB686E9-B002-4CA2-97E9-57C8020155DD}.Debug|Any CPU.ActiveCfg = Debug|Any CPU
		{1FB686E9-B002-4CA2-97E9-57C8020155DD}.Debug|Any CPU.Build.0 = Debug|Any CPU
		{1FB686E9-B002-4CA2-97E9-57C8020155DD}.Release|Any CPU.ActiveCfg = Release|Any CPU
		{1FB686E9-B002-4CA2-97E9-57C8020155DD}.Release|Any CPU.Build.0 = Release|Any CPU
		{18BA9E1A-F02A-4807-91C9-F0BF92C61104}.Debug|Any CPU.ActiveCfg = Debug|Any CPU
		{18BA9E1A-F02A-4807-91C9-F0BF92C61104}.Debug|Any CPU.Build.0 = Debug|Any CPU
		{18BA9E1A-F02A-4807-91C9-F0BF92C61104}.Release|Any CPU.ActiveCfg = Release|Any CPU
		{18BA9E1A-F02A-4807-91C9-F0BF92C61104}.Release|Any CPU.Build.0 = Release|Any CPU
	EndGlobalSection
	GlobalSection(SolutionProperties) = preSolution
		HideSolutionNode = FALSE
	EndGlobalSection
	GlobalSection(ExtensibilityGlobals) = postSolution
		SolutionGuid = {677EB60E-A940-4367-8639-A5151415237E}
	EndGlobalSection
EndGlobal
